
Microsoft Visual Studio Solution File, Format Version 12.00
# Visual Studio Version 17
VisualStudioVersion = 17.14.36408.4
MinimumVisualStudioVersion = 10.0.40219.1
Project("{FAE04EC0-301F-11D3-BF4B-00C04F79EFBC}") = "AirportSystem", "AirportSystem\AirportSystem.csproj", "{D243F577-1321-4571-A2EA-E3191C5A5E4C}"
EndProject
Project("{FAE04EC0-301F-11D3-BF4B-00C04F79EFBC}") = "APsystem", "AirportSystemWindows\APsystem.csproj", "{A1B2C3D4-E5F6-7890-ABCD-EF1234567890}"
EndProject
Project("{FAE04EC0-301F-11D3-BF4B-00C04F79EFBC}") = "AirportSystemBlazor", "AirportSystemBlazor\AirportSystemBlazor.csproj", "{E0ABDAC4-58DB-4997-9B5F-9B92FB13B3B2}"
EndProject
Global
	GlobalSection(SolutionConfigurationPlatforms) = preSolution
		Debug|Any CPU = Debug|Any CPU
		Debug|ARM64 = Debug|ARM64
		Debug|x64 = Debug|x64
		Debug|x86 = Debug|x86
		Release|Any CPU = Release|Any CPU
		Release|ARM64 = Release|ARM64
		Release|x64 = Release|x64
		Release|x86 = Release|x86
	EndGlobalSection
	GlobalSection(ProjectConfigurationPlatforms) = postSolution
		{D243F577-1321-4571-A2EA-E3191C5A5E4C}.Debug|Any CPU.ActiveCfg = Debug|Any CPU
		{D243F577-1321-4571-A2EA-E3191C5A5E4C}.Debug|Any CPU.Build.0 = Debug|Any CPU
		{D243F577-1321-4571-A2EA-E3191C5A5E4C}.Debug|ARM64.ActiveCfg = Debug|Any CPU
		{D243F577-1321-4571-A2EA-E3191C5A5E4C}.Debug|ARM64.Build.0 = Debug|Any CPU
		{D243F577-1321-4571-A2EA-E3191C5A5E4C}.Debug|x64.ActiveCfg = Debug|Any CPU
		{D243F577-1321-4571-A2EA-E3191C5A5E4C}.Debug|x64.Build.0 = Debug|Any CPU
		{D243F577-1321-4571-A2EA-E3191C5A5E4C}.Debug|x86.ActiveCfg = Debug|Any CPU
		{D243F577-1321-4571-A2EA-E3191C5A5E4C}.Debug|x86.Build.0 = Debug|Any CPU
		{D243F577-1321-4571-A2EA-E3191C5A5E4C}.Release|Any CPU.ActiveCfg = Release|Any CPU
		{D243F577-1321-4571-A2EA-E3191C5A5E4C}.Release|Any CPU.Build.0 = Release|Any CPU
		{D243F577-1321-4571-A2EA-E3191C5A5E4C}.Release|ARM64.ActiveCfg = Release|Any CPU
		{D243F577-1321-4571-A2EA-E3191C5A5E4C}.Release|ARM64.Build.0 = Release|Any CPU
		{D243F577-1321-4571-A2EA-E3191C5A5E4C}.Release|x64.ActiveCfg = Release|Any CPU
		{D243F577-1321-4571-A2EA-E3191C5A5E4C}.Release|x64.Build.0 = Release|Any CPU
		{D243F577-1321-4571-A2EA-E3191C5A5E4C}.Release|x86.ActiveCfg = Release|Any CPU
		{D243F577-1321-4571-A2EA-E3191C5A5E4C}.Release|x86.Build.0 = Release|Any CPU
		{A1B2C3D4-E5F6-7890-ABCD-EF1234567890}.Debug|Any CPU.ActiveCfg = Debug|x64
		{A1B2C3D4-E5F6-7890-ABCD-EF1234567890}.Debug|Any CPU.Build.0 = Debug|x64
		{A1B2C3D4-E5F6-7890-ABCD-EF1234567890}.Debug|Any CPU.Deploy.0 = Debug|x64
		{A1B2C3D4-E5F6-7890-ABCD-EF1234567890}.Debug|ARM64.ActiveCfg = Debug|ARM64
		{A1B2C3D4-E5F6-7890-ABCD-EF1234567890}.Debug|ARM64.Build.0 = Debug|ARM64
		{A1B2C3D4-E5F6-7890-ABCD-EF1234567890}.Debug|x64.ActiveCfg = Debug|x64
		{A1B2C3D4-E5F6-7890-ABCD-EF1234567890}.Debug|x64.Build.0 = Debug|x64
		{A1B2C3D4-E5F6-7890-ABCD-EF1234567890}.Debug|x86.ActiveCfg = Debug|x86
		{A1B2C3D4-E5F6-7890-ABCD-EF1234567890}.Debug|x86.Build.0 = Debug|x86
		{A1B2C3D4-E5F6-7890-ABCD-EF1234567890}.Release|Any CPU.ActiveCfg = Release|x64
		{A1B2C3D4-E5F6-7890-ABCD-EF1234567890}.Release|Any CPU.Build.0 = Release|x64
		{A1B2C3D4-E5F6-7890-ABCD-EF1234567890}.Release|ARM64.ActiveCfg = Release|ARM64
		{A1B2C3D4-E5F6-7890-ABCD-EF1234567890}.Release|ARM64.Build.0 = Release|ARM64
		{A1B2C3D4-E5F6-7890-ABCD-EF1234567890}.Release|x64.ActiveCfg = Release|x64
		{A1B2C3D4-E5F6-7890-ABCD-EF1234567890}.Release|x64.Build.0 = Release|x64
		{A1B2C3D4-E5F6-7890-ABCD-EF1234567890}.Release|x86.ActiveCfg = Release|x86
		{A1B2C3D4-E5F6-7890-ABCD-EF1234567890}.Release|x86.Build.0 = Release|x86
		{E0ABDAC4-58DB-4997-9B5F-9B92FB13B3B2}.Debug|Any CPU.ActiveCfg = Debug|Any CPU
		{E0ABDAC4-58DB-4997-9B5F-9B92FB13B3B2}.Debug|Any CPU.Build.0 = Debug|Any CPU
		{E0ABDAC4-58DB-4997-9B5F-9B92FB13B3B2}.Debug|ARM64.ActiveCfg = Debug|Any CPU
		{E0ABDAC4-58DB-4997-9B5F-9B92FB13B3B2}.Debug|ARM64.Build.0 = Debug|Any CPU
		{E0ABDAC4-58DB-4997-9B5F-9B92FB13B3B2}.Debug|x64.ActiveCfg = Debug|Any CPU
		{E0ABDAC4-58DB-4997-9B5F-9B92FB13B3B2}.Debug|x64.Build.0 = Debug|Any CPU
		{E0ABDAC4-58DB-4997-9B5F-9B92FB13B3B2}.Debug|x86.ActiveCfg = Debug|Any CPU
		{E0ABDAC4-58DB-4997-9B5F-9B92FB13B3B2}.Debug|x86.Build.0 = Debug|Any CPU
		{E0ABDAC4-58DB-4997-9B5F-9B92FB13B3B2}.Release|Any CPU.ActiveCfg = Release|Any CPU
		{E0ABDAC4-58DB-4997-9B5F-9B92FB13B3B2}.Release|Any CPU.Build.0 = Release|Any CPU
		{E0ABDAC4-58DB-4997-9B5F-9B92FB13B3B2}.Release|ARM64.ActiveCfg = Release|Any CPU
		{E0ABDAC4-58DB-4997-9B5F-9B92FB13B3B2}.Release|ARM64.Build.0 = Release|Any CPU
		{E0ABDAC4-58DB-4997-9B5F-9B92FB13B3B2}.Release|x64.ActiveCfg = Release|Any CPU
		{E0ABDAC4-58DB-4997-9B5F-9B92FB13B3B2}.Release|x64.Build.0 = Release|Any CPU
		{E0ABDAC4-58DB-4997-9B5F-9B92FB13B3B2}.Release|x86.ActiveCfg = Release|Any CPU
		{E0ABDAC4-58DB-4997-9B5F-9B92FB13B3B2}.Release|x86.Build.0 = Release|Any CPU
	EndGlobalSection
	GlobalSection(SolutionProperties) = preSolution
		HideSolutionNode = FALSE
	EndGlobalSection
	GlobalSection(ExtensibilityGlobals) = postSolution
		SolutionGuid = {8E1886B7-97B9-4EA5-B54E-751D27BA1D9D}
	EndGlobalSection
EndGlobal
